// !$*UTF8*$!
{
	archiveVersion = 1;
	classes = {
	};
	objectVersion = 56;
	objects = {

/* Begin PBXBuildFile section */
		CF6D0A4B29D1BF2F00FF2C19 /* AppDelegate.swift in Sources */ = {isa = PBXBuildFile; fileRef = CF6D0A4A29D1BF2F00FF2C19 /* AppDelegate.swift */; };
		CF6D0A4D29D1BF2F00FF2C19 /* SceneDelegate.swift in Sources */ = {isa = PBXBuildFile; fileRef = CF6D0A4C29D1BF2F00FF2C19 /* SceneDelegate.swift */; };
		CF6D0A4F29D1BF2F00FF2C19 /* ViewController.swift in Sources */ = {isa = PBXBuildFile; fileRef = CF6D0A4E29D1BF2F00FF2C19 /* ViewController.swift */; };
		CF6D0A5229D1BF2F00FF2C19 /* Main.storyboard in Resources */ = {isa = PBXBuildFile; fileRef = CF6D0A5029D1BF2F00FF2C19 /* Main.storyboard */; };
		CF6D0A5429D1BF3100FF2C19 /* Assets.xcassets in Resources */ = {isa = PBXBuildFile; fileRef = CF6D0A5329D1BF3100FF2C19 /* Assets.xcassets */; };
		CF6D0A5729D1BF3100FF2C19 /* LaunchScreen.storyboard in Resources */ = {isa = PBXBuildFile; fileRef = CF6D0A5529D1BF3100FF2C19 /* LaunchScreen.storyboard */; };
		CF6D0A5F29D1BF5600FF2C19 /* Drink.swift in Sources */ = {isa = PBXBuildFile; fileRef = CF6D0A5E29D1BF5600FF2C19 /* Drink.swift */; };
		CFC5D0B829D1CAFE008263C2 /* NetworkManager.swift in Sources */ = {isa = PBXBuildFile; fileRef = CFC5D0B729D1CAFE008263C2 /* NetworkManager.swift */; };
/* End PBXBuildFile section */

/* Begin PBXFileReference section */
		CF6D0A4729D1BF2F00FF2C19 /* AlcoholDrinks.app */ = {isa = PBXFileReference; explicitFileType = wrapper.application; includeInIndex = 0; path = AlcoholDrinks.app; sourceTree = BUILT_PRODUCTS_DIR; };
		CF6D0A4A29D1BF2F00FF2C19 /* AppDelegate.swift */ = {isa = PBXFileReference; lastKnownFileType = sourcecode.swift; path = AppDelegate.swift; sourceTree = "<group>"; };
		CF6D0A4C29D1BF2F00FF2C19 /* SceneDelegate.swift */ = {isa = PBXFileReference; lastKnownFileType = sourcecode.swift; path = SceneDelegate.swift; sourceTree = "<group>"; };
		CF6D0A4E29D1BF2F00FF2C19 /* ViewController.swift */ = {isa = PBXFileReference; lastKnownFileType = sourcecode.swift; path = ViewController.swift; sourceTree = "<group>"; };
		CF6D0A5129D1BF2F00FF2C19 /* Base */ = {isa = PBXFileReference; lastKnownFileType = file.storyboard; name = Base; path = Base.lproj/Main.storyboard; sourceTree = "<group>"; };
		CF6D0A5329D1BF3100FF2C19 /* Assets.xcassets */ = {isa = PBXFileReference; lastKnownFileType = folder.assetcatalog; path = Assets.xcassets; sourceTree = "<group>"; };
		CF6D0A5629D1BF3100FF2C19 /* Base */ = {isa = PBXFileReference; lastKnownFileType = file.storyboard; name = Base; path = Base.lproj/LaunchScreen.storyboard; sourceTree = "<group>"; };
		CF6D0A5829D1BF3100FF2C19 /* Info.plist */ = {isa = PBXFileReference; lastKnownFileType = text.plist.xml; path = Info.plist; sourceTree = "<group>"; };
		CF6D0A5E29D1BF5600FF2C19 /* Drink.swift */ = {isa = PBXFileReference; lastKnownFileType = sourcecode.swift; path = Drink.swift; sourceTree = "<group>"; };
		CFC5D0B729D1CAFE008263C2 /* NetworkManager.swift */ = {isa = PBXFileReference; lastKnownFileType = sourcecode.swift; path = NetworkManager.swift; sourceTree = "<group>"; };
/* End PBXFileReference section */

/* Begin PBXFrameworksBuildPhase section */
		CF6D0A4429D1BF2F00FF2C19 /* Frameworks */ = {
			isa = PBXFrameworksBuildPhase;
			buildActionMask = 2147483647;
			files = (
			);
			runOnlyForDeploymentPostprocessing = 0;
		};
/* End PBXFrameworksBuildPhase section */

/* Begin PBXGroup section */
		CF6D0A3E29D1BF2F00FF2C19 = {
			isa = PBXGroup;
			children = (
				CF6D0A4929D1BF2F00FF2C19 /* AlcoholDrinks */,
				CF6D0A4829D1BF2F00FF2C19 /* Products */,
			);
			sourceTree = "<group>";
		};
		CF6D0A4829D1BF2F00FF2C19 /* Products */ = {
			isa = PBXGroup;
			children = (
				CF6D0A4729D1BF2F00FF2C19 /* AlcoholDrinks.app */,
			);
			name = Products;
			sourceTree = "<group>";
		};
		CF6D0A4929D1BF2F00FF2C19 /* AlcoholDrinks */ = {
			isa = PBXGroup;
			children = (
				CF6D0A4A29D1BF2F00FF2C19 /* AppDelegate.swift */,
				CF6D0A4C29D1BF2F00FF2C19 /* SceneDelegate.swift */,
				CF6D0A4E29D1BF2F00FF2C19 /* ViewController.swift */,
				CFC5D0B729D1CAFE008263C2 /* NetworkManager.swift */,
				CF6D0A5029D1BF2F00FF2C19 /* Main.storyboard */,
				CF6D0A5E29D1BF5600FF2C19 /* Drink.swift */,
				CF6D0A5329D1BF3100FF2C19 /* Assets.xcassets */,
				CF6D0A5529D1BF3100FF2C19 /* LaunchScreen.storyboard */,
				CF6D0A5829D1BF3100FF2C19 /* Info.plist */,
			);
			path = AlcoholDrinks;
			sourceTree = "<group>";
		};
/* End PBXGroup section */

/* Begin PBXNativeTarget section */
		CF6D0A4629D1BF2F00FF2C19 /* AlcoholDrinks */ = {
			isa = PBXNativeTarget;
			buildConfigurationList = CF6D0A5B29D1BF3100FF2C19 /* Build configuration list for PBXNativeTarget "AlcoholDrinks" */;
			buildPhases = (
				CF6D0A4329D1BF2F00FF2C19 /* Sources */,
				CF6D0A4429D1BF2F00FF2C19 /* Frameworks */,
				CF6D0A4529D1BF2F00FF2C19 /* Resources */,
			);
			buildRules = (
			);
			dependencies = (
			);
			name = AlcoholDrinks;
			productName = AlcoholDrinks;
			productReference = CF6D0A4729D1BF2F00FF2C19 /* AlcoholDrinks.app */;
			productType = "com.apple.product-type.application";
		};
/* End PBXNativeTarget section */

/* Begin PBXProject section */
		CF6D0A3F29D1BF2F00FF2C19 /* Project object */ = {
			isa = PBXProject;
			attributes = {
				BuildIndependentTargetsInParallel = 1;
				LastSwiftUpdateCheck = 1420;
				LastUpgradeCheck = 1420;
				TargetAttributes = {
					CF6D0A4629D1BF2F00FF2C19 = {
						CreatedOnToolsVersion = 14.2;
					};
				};
			};
			buildConfigurationList = CF6D0A4229D1BF2F00FF2C19 /* Build configuration list for PBXProject "AlcoholDrinks" */;
			compatibilityVersion = "Xcode 14.0";
			developmentRegion = en;
			hasScannedForEncodings = 0;
			knownRegions = (
				en,
				Base,
			);
			mainGroup = CF6D0A3E29D1BF2F00FF2C19;
			productRefGroup = CF6D0A4829D1BF2F00FF2C19 /* Products */;
			projectDirPath = "";
			projectRoot = "";
			targets = (
				CF6D0A4629D1BF2F00FF2C19 /* AlcoholDrinks */,
			);
		};
/* End PBXProject section */

/* Begin PBXResourcesBuildPhase section */
		CF6D0A4529D1BF2F00FF2C19 /* Resources */ = {
			isa = PBXResourcesBuildPhase;
			buildActionMask = 2147483647;
			files = (
				CF6D0A5729D1BF3100FF2C19 /* LaunchScreen.storyboard in Resources */,
				CF6D0A5429D1BF3100FF2C19 /* Assets.xcassets in Resources */,
				CF6D0A5229D1BF2F00FF2C19 /* Main.storyboard in Resources */,
			);
			runOnlyForDeploymentPostprocessing = 0;
		};
/* End PBXResourcesBuildPhase section */

/* Begin PBXSourcesBuildPhase section */
		CF6D0A4329D1BF2F00FF2C19 /* Sources */ = {
			isa = PBXSourcesBuildPhase;
			buildActionMask = 2147483647;
			files = (
				CF6D0A4F29D1BF2F00FF2C19 /* ViewController.swift in Sources */,
				CF6D0A4B29D1BF2F00FF2C19 /* AppDelegate.swift in Sources */,
				CFC5D0B829D1CAFE008263C2 /* NetworkManager.swift in Sources */,
				CF6D0A5F29D1BF5600FF2C19 /* Drink.swift in Sources */,
				CF6D0A4D29D1BF2F00FF2C19 /* SceneDelegate.swift in Sources */,
			);
			runOnlyForDeploymentPostprocessing = 0;
		};
/* End PBXSourcesBuildPhase section */

/* Begin PBXVariantGroup section */
		CF6D0A5029D1BF2F00FF2C19 /* Main.storyboard */ = {
			isa = PBXVariantGroup;
			children = (
				CF6D0A5129D1BF2F00FF2C19 /* Base */,
			);
			name = Main.storyboard;
			sourceTree = "<group>";
		};
		CF6D0A5529D1BF3100FF2C19 /* LaunchScreen.storyboard */ = {
			isa = PBXVariantGroup;
			children = (
				CF6D0A5629D1BF3100FF2C19 /* Base */,
			);
			name = LaunchScreen.storyboard;
			sourceTree = "<group>";
		};
/* End PBXVariantGroup section */

/* Begin XCBuildConfiguration section */
		CF6D0A5929D1BF3100FF2C19 /* Debug */ = {
			isa = XCBuildConfiguration;
			buildSettings = {
				ALWAYS_SEARCH_USER_PATHS = NO;
				CLANG_ANALYZER_NONNULL = YES;
				CLANG_ANALYZER_NUMBER_OBJECT_CONVERSION = YES_AGGRESSIVE;
				CLANG_CXX_LANGUAGE_STANDARD = "gnu++20";
				CLANG_ENABLE_MODULES = YES;
				CLANG_ENABLE_OBJC_ARC = YES;
				CLANG_ENABLE_OBJC_WEAK = YES;
				CLANG_WARN_BLOCK_CAPTURE_AUTORELEASING = YES;
				CLANG_WARN_BOOL_CONVERSION = YES;
				CLANG_WARN_COMMA = YES;
				CLANG_WARN_CONSTANT_CONVERSION = YES;
				CLANG_WARN_DEPRECATED_OBJC_IMPLEMENTATIONS = YES;
				CLANG_WARN_DIRECT_OBJC_ISA_USAGE = YES_ERROR;
				CLANG_WARN_DOCUMENTATION_COMMENTS = YES;
				CLANG_WARN_EMPTY_BODY = YES;
				CLANG_WARN_ENUM_CONVERSION = YES;
				CLANG_WARN_INFINITE_RECURSION = YES;
				CLANG_WARN_INT_CONVERSION = YES;
				CLANG_WARN_NON_LITERAL_NULL_CONVERSION = YES;
				CLANG_WARN_OBJC_IMPLICIT_RETAIN_SELF = YES;
				CLANG_WARN_OBJC_LITERAL_CONVERSION = YES;
				CLANG_WARN_OBJC_ROOT_CLASS = YES_ERROR;
				CLANG_WARN_QUOTED_INCLUDE_IN_FRAMEWORK_HEADER = YES;
				CLANG_WARN_RANGE_LOOP_ANALYSIS = YES;
				CLANG_WARN_STRICT_PROTOTYPES = YES;
				CLANG_WARN_SUSPICIOUS_MOVE = YES;
				CLANG_WARN_UNGUARDED_AVAILABILITY = YES_AGGRESSIVE;
				CLANG_WARN_UNREACHABLE_CODE = YES;
				CLANG_WARN__DUPLICATE_METHOD_MATCH = YES;
				COPY_PHASE_STRIP = NO;
				DEBUG_INFORMATION_FORMAT = dwarf;
				ENABLE_STRICT_OBJC_MSGSEND = YES;
				ENABLE_TESTABILITY = YES;
				GCC_C_LANGUAGE_STANDARD = gnu11;
				GCC_DYNAMIC_NO_PIC = NO;
				GCC_NO_COMMON_BLOCKS = YES;
				GCC_OPTIMIZATION_LEVEL = 0;
				GCC_PREPROCESSOR_DEFINITIONS = (
					"DEBUG=1",
					"$(inherited)",
				);
				GCC_WARN_64_TO_32_BIT_CONVERSION = YES;
				GCC_WARN_ABOUT_RETURN_TYPE = YES_ERROR;
				GCC_WARN_UNDECLARED_SELECTOR = YES;
				GCC_WARN_UNINITIALIZED_AUTOS = YES_AGGRESSIVE;
				GCC_WARN_UNUSED_FUNCTION = YES;
				GCC_WARN_UNUSED_VARIABLE = YES;
				IPHONEOS_DEPLOYMENT_TARGET = 16.2;
				MTL_ENABLE_DEBUG_INFO = INCLUDE_SOURCE;
				MTL_FAST_MATH = YES;
				ONLY_ACTIVE_ARCH = YES;
				SDKROOT = iphoneos;
				SWIFT_ACTIVE_COMPILATION_CONDITIONS = DEBUG;
				SWIFT_OPTIMIZATION_LEVEL = "-Onone";
			};
			name = Debug;
		};
		CF6D0A5A29D1BF3100FF2C19 /* Release */ = {
			isa = XCBuildConfiguration;
			buildSettings = {
				ALWAYS_SEARCH_USER_PATHS = NO;
				CLANG_ANALYZER_NONNULL = YES;
				CLANG_ANALYZER_NUMBER_OBJECT_CONVERSION = YES_AGGRESSIVE;
				CLANG_CXX_LANGUAGE_STANDARD = "gnu++20";
				CLANG_ENABLE_MODULES = YES;
				CLANG_ENABLE_OBJC_ARC = YES;
				CLANG_ENABLE_OBJC_WEAK = YES;
				CLANG_WARN_BLOCK_CAPTURE_AUTORELEASING = YES;
				CLANG_WARN_BOOL_CONVERSION = YES;
				CLANG_WARN_COMMA = YES;
				CLANG_WARN_CONSTANT_CONVERSION = YES;
				CLANG_WARN_DEPRECATED_OBJC_IMPLEMENTATIONS = YES;
				CLANG_WARN_DIRECT_OBJC_ISA_USAGE = YES_ERROR;
				CLANG_WARN_DOCUMENTATION_COMMENTS = YES;
				CLANG_WARN_EMPTY_BODY = YES;
				CLANG_WARN_ENUM_CONVERSION = YES;
				CLANG_WARN_INFINITE_RECURSION = YES;
				CLANG_WARN_INT_CONVERSION = YES;
				CLANG_WARN_NON_LITERAL_NULL_CONVERSION = YES;
				CLANG_WARN_OBJC_IMPLICIT_RETAIN_SELF = YES;
				CLANG_WARN_OBJC_LITERAL_CONVERSION = YES;
				CLANG_WARN_OBJC_ROOT_CLASS = YES_ERROR;
				CLANG_WARN_QUOTED_INCLUDE_IN_FRAMEWORK_HEADER = YES;
				CLANG_WARN_RANGE_LOOP_ANALYSIS = YES;
				CLANG_WARN_STRICT_PROTOTYPES = YES;
				CLANG_WARN_SUSPICIOUS_MOVE = YES;
				CLANG_WARN_UNGUARDED_AVAILABILITY = YES_AGGRESSIVE;
				CLANG_WARN_UNREACHABLE_CODE = YES;
				CLANG_WARN__DUPLICATE_METHOD_MATCH = YES;
				COPY_PHASE_STRIP = NO;
				DEBUG_INFORMATION_FORMAT = "dwarf-with-dsym";
				ENABLE_NS_ASSERTIONS = NO;
				ENABLE_STRICT_OBJC_MSGSEND = YES;
				GCC_C_LANGUAGE_STANDARD = gnu11;
				GCC_NO_COMMON_BLOCKS = YES;
				GCC_WARN_64_TO_32_BIT_CONVERSION = YES;
				GCC_WARN_ABOUT_RETURN_TYPE = YES_ERROR;
				GCC_WARN_UNDECLARED_SELECTOR = YES;
				GCC_WARN_UNINITIALIZED_AUTOS = YES_AGGRESSIVE;
				GCC_WARN_UNUSED_FUNCTION = YES;
				GCC_WARN_UNUSED_VARIABLE = YES;
				IPHONEOS_DEPLOYMENT_TARGET = 16.2;
				MTL_ENABLE_DEBUG_INFO = NO;
				MTL_FAST_MATH = YES;
				SDKROOT = iphoneos;
				SWIFT_COMPILATION_MODE = wholemodule;
				SWIFT_OPTIMIZATION_LEVEL = "-O";
				VALIDATE_PRODUCT = YES;
			};
			name = Release;
		};
		CF6D0A5C29D1BF3100FF2C19 /* Debug */ = {
			isa = XCBuildConfiguration;
			buildSettings = {
				ASSETCATALOG_COMPILER_APPICON_NAME = AppIcon;
				ASSETCATALOG_COMPILER_GLOBAL_ACCENT_COLOR_NAME = AccentColor;
				CODE_SIGN_STYLE = Automatic;
				CURRENT_PROJECT_VERSION = 1;
				DEVELOPMENT_TEAM = TN6W662TZ9;
				GENERATE_INFOPLIST_FILE = YES;
				INFOPLIST_FILE = AlcoholDrinks/Info.plist;
				INFOPLIST_KEY_UIApplicationSupportsIndirectInputEvents = YES;
				INFOPLIST_KEY_UILaunchStoryboardName = LaunchScreen;
				INFOPLIST_KEY_UIMainStoryboardFile = Main;
				INFOPLIST_KEY_UISupportedInterfaceOrientations = UIInterfaceOrientationPortrait;
				INFOPLIST_KEY_UISupportedInterfaceOrientations_iPad = "UIInterfaceOrientationLandscapeLeft UIInterfaceOrientationLandscapeRight UIInterfaceOrientationPortrait UIInterfaceOrientationPortraitUpsideDown";
				LD_RUNPATH_SEARCH_PATHS = (
					"$(inherited)",
					"@executable_path/Frameworks",
				);
				MARKETING_VERSION = 1.0;
				PRODUCT_BUNDLE_IDENTIFIER = "Kirill-Kniga.AlcoholDrinks";
				PRODUCT_NAME = "$(TARGET_NAME)";
				SUPPORTED_PLATFORMS = "iphoneos iphonesimulator";
				SUPPORTS_MACCATALYST = NO;
				SUPPORTS_MAC_DESIGNED_FOR_IPHONE_IPAD = NO;
				SWIFT_EMIT_LOC_STRINGS = YES;
				SWIFT_VERSION = 5.0;
				TARGETED_DEVICE_FAMILY = 1;
			};
			name = Debug;
		};
		CF6D0A5D29D1BF3100FF2C19 /* Release */ = {
			isa = XCBuildConfiguration;
			buildSettings = {
				ASSETCATALOG_COMPILER_APPICON_NAME = AppIcon;
				ASSETCATALOG_COMPILER_GLOBAL_ACCENT_COLOR_NAME = AccentColor;
				CODE_SIGN_STYLE = Automatic;
				CURRENT_PROJECT_VERSION = 1;
				DEVELOPMENT_TEAM = TN6W662TZ9;
				GENERATE_INFOPLIST_FILE = YES;
				INFOPLIST_FILE = AlcoholDrinks/Info.plist;
				INFOPLIST_KEY_UIApplicationSupportsIndirectInputEvents = YES;
				INFOPLIST_KEY_UILaunchStoryboardName = LaunchScreen;
				INFOPLIST_KEY_UIMainStoryboardFile = Main;
				INFOPLIST_KEY_UISupportedInterfaceOrientations = UIInterfaceOrientationPortrait;
				INFOPLIST_KEY_UISupportedInterfaceOrientations_iPad = "UIInterfaceOrientationLandscapeLeft UIInterfaceOrientationLandscapeRight UIInterfaceOrientationPortrait UIInterfaceOrientationPortraitUpsideDown";
				LD_RUNPATH_SEARCH_PATHS = (
					"$(inherited)",
					"@executable_path/Frameworks",
				);
				MARKETING_VERSION = 1.0;
				PRODUCT_BUNDLE_IDENTIFIER = "Kirill-Kniga.AlcoholDrinks";
				PRODUCT_NAME = "$(TARGET_NAME)";
				SUPPORTED_PLATFORMS = "iphoneos iphonesimulator";
				SUPPORTS_MACCATALYST = NO;
				SUPPORTS_MAC_DESIGNED_FOR_IPHONE_IPAD = NO;
				SWIFT_EMIT_LOC_STRINGS = YES;
				SWIFT_VERSION = 5.0;
				TARGETED_DEVICE_FAMILY = 1;
			};
			name = Release;
		};
/* End XCBuildConfiguration section */

/* Begin XCConfigurationList section */
		CF6D0A4229D1BF2F00FF2C19 /* Build configuration list for PBXProject "AlcoholDrinks" */ = {
			isa = XCConfigurationList;
			buildConfigurations = (
				CF6D0A5929D1BF3100FF2C19 /* Debug */,
				CF6D0A5A29D1BF3100FF2C19 /* Release */,
			);
			defaultConfigurationIsVisible = 0;
			defaultConfigurationName = Release;
		};
		CF6D0A5B29D1BF3100FF2C19 /* Build configuration list for PBXNativeTarget "AlcoholDrinks" */ = {
			isa = XCConfigurationList;
			buildConfigurations = (
				CF6D0A5C29D1BF3100FF2C19 /* Debug */,
				CF6D0A5D29D1BF3100FF2C19 /* Release */,
			);
			defaultConfigurationIsVisible = 0;
			defaultConfigurationName = Release;
		};
/* End XCConfigurationList section */
	};
	rootObject = CF6D0A3F29D1BF2F00FF2C19 /* Project object */;
}
